
Microsoft Visual Studio Solution File, Format Version 11.00
# Visual Studio 2010
Project("{FAE04EC0-301F-11D3-BF4B-00C04F79EFBC}") = "Argopt", "Src\Argopt\Argopt.csproj", "{215ED2F2-5702-46E6-9F83-0831BFEBC7B5}"
EndProject
Project("{FAE04EC0-301F-11D3-BF4B-00C04F79EFBC}") = "Argopt.Tests", "Tests\Argopt.Tests\Argopt.Tests.csproj", "{D3DFBE14-6672-492E-9E0F-58210172783A}"
EndProject
Project("{FAE04EC0-301F-11D3-BF4B-00C04F79EFBC}") = "argopt-test", "Tests\argopt-test\argopt-test.csproj", "{250F7088-E26B-4EC6-B920-F234C422FED6}"
EndProject
Global
	GlobalSection(SolutionConfigurationPlatforms) = preSolution
		Debug|Any CPU = Debug|Any CPU
		Debug|Mixed Platforms = Debug|Mixed Platforms
		Debug|x86 = Debug|x86
		Release|Any CPU = Release|Any CPU
		Release|Mixed Platforms = Release|Mixed Platforms
		Release|x86 = Release|x86
	EndGlobalSection
	GlobalSection(ProjectConfigurationPlatforms) = postSolution
		{215ED2F2-5702-46E6-9F83-0831BFEBC7B5}.Debug|Any CPU.ActiveCfg = Debug|Any CPU
		{215ED2F2-5702-46E6-9F83-0831BFEBC7B5}.Debug|Any CPU.Build.0 = Debug|Any CPU
		{215ED2F2-5702-46E6-9F83-0831BFEBC7B5}.Debug|Mixed Platforms.ActiveCfg = Debug|Any CPU
		{215ED2F2-5702-46E6-9F83-0831BFEBC7B5}.Debug|Mixed Platforms.Build.0 = Debug|Any CPU
		{215ED2F2-5702-46E6-9F83-0831BFEBC7B5}.Debug|x86.ActiveCfg = Debug|Any CPU
		{215ED2F2-5702-46E6-9F83-0831BFEBC7B5}.Release|Any CPU.ActiveCfg = Release|Any CPU
		{215ED2F2-5702-46E6-9F83-0831BFEBC7B5}.Release|Any CPU.Build.0 = Release|Any CPU
		{215ED2F2-5702-46E6-9F83-0831BFEBC7B5}.Release|Mixed Platforms.ActiveCfg = Release|Any CPU
		{215ED2F2-5702-46E6-9F83-0831BFEBC7B5}.Release|Mixed Platforms.Build.0 = Release|Any CPU
		{215ED2F2-5702-46E6-9F83-0831BFEBC7B5}.Release|x86.ActiveCfg = Release|Any CPU
		{D3DFBE14-6672-492E-9E0F-58210172783A}.Debug|Any CPU.ActiveCfg = Debug|Any CPU
		{D3DFBE14-6672-492E-9E0F-58210172783A}.Debug|Any CPU.Build.0 = Debug|Any CPU
		{D3DFBE14-6672-492E-9E0F-58210172783A}.Debug|Mixed Platforms.ActiveCfg = Debug|Any CPU
		{D3DFBE14-6672-492E-9E0F-58210172783A}.Debug|Mixed Platforms.Build.0 = Debug|Any CPU
		{D3DFBE14-6672-492E-9E0F-58210172783A}.Debug|x86.ActiveCfg = Debug|Any CPU
		{D3DFBE14-6672-492E-9E0F-58210172783A}.Release|Any CPU.ActiveCfg = Release|Any CPU
		{D3DFBE14-6672-492E-9E0F-58210172783A}.Release|Any CPU.Build.0 = Release|Any CPU
		{D3DFBE14-6672-492E-9E0F-58210172783A}.Release|Mixed Platforms.ActiveCfg = Release|Any CPU
		{D3DFBE14-6672-492E-9E0F-58210172783A}.Release|Mixed Platforms.Build.0 = Release|Any CPU
		{D3DFBE14-6672-492E-9E0F-58210172783A}.Release|x86.ActiveCfg = Release|Any CPU
		{250F7088-E26B-4EC6-B920-F234C422FED6}.Debug|Any CPU.ActiveCfg = Debug|x86
		{250F7088-E26B-4EC6-B920-F234C422FED6}.Debug|Mixed Platforms.ActiveCfg = Debug|x86
		{250F7088-E26B-4EC6-B920-F234C422FED6}.Debug|Mixed Platforms.Build.0 = Debug|x86
		{250F7088-E26B-4EC6-B920-F234C422FED6}.Debug|x86.ActiveCfg = Debug|x86
		{250F7088-E26B-4EC6-B920-F234C422FED6}.Debug|x86.Build.0 = Debug|x86
		{250F7088-E26B-4EC6-B920-F234C422FED6}.Release|Any CPU.ActiveCfg = Release|x86
		{250F7088-E26B-4EC6-B920-F234C422FED6}.Release|Mixed Platforms.ActiveCfg = Release|x86
		{250F7088-E26B-4EC6-B920-F234C422FED6}.Release|Mixed Platforms.Build.0 = Release|x86
		{250F7088-E26B-4EC6-B920-F234C422FED6}.Release|x86.ActiveCfg = Release|x86
		{250F7088-E26B-4EC6-B920-F234C422FED6}.Release|x86.Build.0 = Release|x86
	EndGlobalSection
	GlobalSection(SolutionProperties) = preSolution
		HideSolutionNode = FALSE
	EndGlobalSection
EndGlobal
